
Microsoft Visual Studio Solution File, Format Version 12.00
# Visual Studio Version 17
VisualStudioVersion = 17.6.33815.320
MinimumVisualStudioVersion = 10.0.40219.1
Project("{FAE04EC0-301F-11D3-BF4B-00C04F79EFBC}") = "PhiKapInternal", "PhiKapInternal\PhiKapInternal.csproj", "{3291EBF2-3C94-4312-AB7C-4DA3037C45EE}"
EndProject
Global
	GlobalSection(SolutionConfigurationPlatforms) = preSolution
		Debug|Any CPU = Debug|Any CPU
		Release|Any CPU = Release|Any CPU
	EndGlobalSection
	GlobalSection(ProjectConfigurationPlatforms) = postSolution
		{3291EBF2-3C94-4312-AB7C-4DA3037C45EE}.Debug|Any CPU.ActiveCfg = Debug|Any CPU
		{3291EBF2-3C94-4312-AB7C-4DA3037C45EE}.Debug|Any CPU.Build.0 = Debug|Any CPU
		{3291EBF2-3C94-4312-AB7C-4DA3037C45EE}.Release|Any CPU.ActiveCfg = Release|Any CPU
		{3291EBF2-3C94-4312-AB7C-4DA3037C45EE}.Release|Any CPU.Build.0 = Release|Any CPU
	EndGlobalSection
	GlobalSection(SolutionProperties) = preSolution
		HideSolutionNode = FALSE
	EndGlobalSection
	GlobalSection(ExtensibilityGlobals) = postSolution
		SolutionGuid = {046F055E-F521-438A-86BB-A9664475C081}
	EndGlobalSection
EndGlobal
